
Microsoft Visual Studio Solution File, Format Version 12.00
# Visual Studio Version 17
VisualStudioVersion = 17.9.34607.119
MinimumVisualStudioVersion = 10.0.40219.1
Project("{FAE04EC0-301F-11D3-BF4B-00C04F79EFBC}") = "examenrecuprogramacion4ev", "examenrecuprogramacion4ev.csproj", "{1ADDA834-43BA-4193-AFC3-CF012F9DD941}"
EndProject
Global
	GlobalSection(SolutionConfigurationPlatforms) = preSolution
		Debug|Any CPU = Debug|Any CPU
		Release|Any CPU = Release|Any CPU
	EndGlobalSection
	GlobalSection(ProjectConfigurationPlatforms) = postSolution
		{1ADDA834-43BA-4193-AFC3-CF012F9DD941}.Debug|Any CPU.ActiveCfg = Debug|Any CPU
		{1ADDA834-43BA-4193-AFC3-CF012F9DD941}.Debug|Any CPU.Build.0 = Debug|Any CPU
		{1ADDA834-43BA-4193-AFC3-CF012F9DD941}.Release|Any CPU.ActiveCfg = Release|Any CPU
		{1ADDA834-43BA-4193-AFC3-CF012F9DD941}.Release|Any CPU.Build.0 = Release|Any CPU
	EndGlobalSection
	GlobalSection(SolutionProperties) = preSolution
		HideSolutionNode = FALSE
	EndGlobalSection
	GlobalSection(ExtensibilityGlobals) = postSolution
		SolutionGuid = {8780FE2F-5BC2-468C-99E3-4CA653B1875C}
	EndGlobalSection
EndGlobal
